
Microsoft Visual Studio Solution File, Format Version 12.00
# Visual Studio 2012
Project("{FAE04EC0-301F-11D3-BF4B-00C04F79EFBC}") = "RomanNumeral", "RomanNumeral\RomanNumeral.csproj", "{862EF4D4-9AEE-4DE7-8925-5731B9C723AB}"
EndProject
Project("{FAE04EC0-301F-11D3-BF4B-00C04F79EFBC}") = "RomanNumeralTest", "RomanNumeralTest\RomanNumeralTest.csproj", "{6E924724-26B1-4785-ACE8-F266EE9A1D00}"
EndProject
Project("{2150E333-8FDC-42A3-9474-1A3956D46DE8}") = ".nuget", ".nuget", "{F45DA51C-A1EC-4F37-A3CB-EC64D789D094}"
	ProjectSection(SolutionItems) = preProject
		.nuget\NuGet.Config = .nuget\NuGet.Config
		.nuget\NuGet.exe = .nuget\NuGet.exe
		.nuget\NuGet.targets = .nuget\NuGet.targets
	EndProjectSection
EndProject
Global
	GlobalSection(SolutionConfigurationPlatforms) = preSolution
		Debug|Any CPU = Debug|Any CPU
		Release|Any CPU = Release|Any CPU
	EndGlobalSection
	GlobalSection(ProjectConfigurationPlatforms) = postSolution
		{862EF4D4-9AEE-4DE7-8925-5731B9C723AB}.Debug|Any CPU.ActiveCfg = Debug|Any CPU
		{862EF4D4-9AEE-4DE7-8925-5731B9C723AB}.Debug|Any CPU.Build.0 = Debug|Any CPU
		{862EF4D4-9AEE-4DE7-8925-5731B9C723AB}.Release|Any CPU.ActiveCfg = Release|Any CPU
		{862EF4D4-9AEE-4DE7-8925-5731B9C723AB}.Release|Any CPU.Build.0 = Release|Any CPU
		{6E924724-26B1-4785-ACE8-F266EE9A1D00}.Debug|Any CPU.ActiveCfg = Debug|Any CPU
		{6E924724-26B1-4785-ACE8-F266EE9A1D00}.Debug|Any CPU.Build.0 = Debug|Any CPU
		{6E924724-26B1-4785-ACE8-F266EE9A1D00}.Release|Any CPU.ActiveCfg = Release|Any CPU
		{6E924724-26B1-4785-ACE8-F266EE9A1D00}.Release|Any CPU.Build.0 = Release|Any CPU
	EndGlobalSection
	GlobalSection(SolutionProperties) = preSolution
		HideSolutionNode = FALSE
	EndGlobalSection
EndGlobal
